
Microsoft Visual Studio Solution File, Format Version 12.00
# Visual Studio Version 16
VisualStudioVersion = 16.0.30804.86
MinimumVisualStudioVersion = 10.0.40219.1
Project("{FAE04EC0-301F-11D3-BF4B-00C04F79EFBC}") = "CampIntro", "CampIntro\CampIntro.csproj", "{984DEF7C-586E-47C0-985A-1EB3233DC5BB}"
EndProject
Project("{FAE04EC0-301F-11D3-BF4B-00C04F79EFBC}") = "TAUNumbers", "TAUNumbers\TAUNumbers.csproj", "{C933B425-2C53-440D-B1E1-4199E43D274C}"
EndProject
Project("{FAE04EC0-301F-11D3-BF4B-00C04F79EFBC}") = "SumMatrix", "SumMatrix\SumMatrix.csproj", "{83549B80-40C6-4EFF-9795-17A353E2B924}"
EndProject
Project("{FAE04EC0-301F-11D3-BF4B-00C04F79EFBC}") = "ClassExample", "ClassExample\ClassExample.csproj", "{8EF46042-5218-4A62-8FCE-32E8939BBAAD}"
EndProject
Project("{FAE04EC0-301F-11D3-BF4B-00C04F79EFBC}") = "DynamicArrayExample", "DynamicArrayExample\DynamicArrayExample.csproj", "{A4BF2050-C47C-4E3F-A2B0-189988888D35}"
EndProject
Project("{9A19103F-16F7-4668-BE54-9A1E7A4F7556}") = "OOP1", "OOP1\OOP1.csproj", "{F90265F8-D182-434A-967F-ACFE8293F974}"
EndProject
Project("{9A19103F-16F7-4668-BE54-9A1E7A4F7556}") = "GenericTypes", "GenericTypes\GenericTypes.csproj", "{7EE4225F-05BC-420E-B3F6-2B428DD33060}"
EndProject
Project("{9A19103F-16F7-4668-BE54-9A1E7A4F7556}") = "RefandOut", "RefandOut\RefandOut.csproj", "{707C9126-8EA0-4A2B-AA90-4FBE9DCADF6C}"
EndProject
Project("{FAE04EC0-301F-11D3-BF4B-00C04F79EFBC}") = "MyListExample", "MyListExample\MyListExample.csproj", "{4CC4638C-D487-4B65-B48A-FFDC95AA4580}"
EndProject
Global
	GlobalSection(SolutionConfigurationPlatforms) = preSolution
		Debug|Any CPU = Debug|Any CPU
		Release|Any CPU = Release|Any CPU
	EndGlobalSection
	GlobalSection(ProjectConfigurationPlatforms) = postSolution
		{984DEF7C-586E-47C0-985A-1EB3233DC5BB}.Debug|Any CPU.ActiveCfg = Debug|Any CPU
		{984DEF7C-586E-47C0-985A-1EB3233DC5BB}.Debug|Any CPU.Build.0 = Debug|Any CPU
		{984DEF7C-586E-47C0-985A-1EB3233DC5BB}.Release|Any CPU.ActiveCfg = Release|Any CPU
		{984DEF7C-586E-47C0-985A-1EB3233DC5BB}.Release|Any CPU.Build.0 = Release|Any CPU
		{C933B425-2C53-440D-B1E1-4199E43D274C}.Debug|Any CPU.ActiveCfg = Debug|Any CPU
		{C933B425-2C53-440D-B1E1-4199E43D274C}.Debug|Any CPU.Build.0 = Debug|Any CPU
		{C933B425-2C53-440D-B1E1-4199E43D274C}.Release|Any CPU.ActiveCfg = Release|Any CPU
		{C933B425-2C53-440D-B1E1-4199E43D274C}.Release|Any CPU.Build.0 = Release|Any CPU
		{83549B80-40C6-4EFF-9795-17A353E2B924}.Debug|Any CPU.ActiveCfg = Debug|Any CPU
		{83549B80-40C6-4EFF-9795-17A353E2B924}.Debug|Any CPU.Build.0 = Debug|Any CPU
		{83549B80-40C6-4EFF-9795-17A353E2B924}.Release|Any CPU.ActiveCfg = Release|Any CPU
		{83549B80-40C6-4EFF-9795-17A353E2B924}.Release|Any CPU.Build.0 = Release|Any CPU
		{8EF46042-5218-4A62-8FCE-32E8939BBAAD}.Debug|Any CPU.ActiveCfg = Debug|Any CPU
		{8EF46042-5218-4A62-8FCE-32E8939BBAAD}.Debug|Any CPU.Build.0 = Debug|Any CPU
		{8EF46042-5218-4A62-8FCE-32E8939BBAAD}.Release|Any CPU.ActiveCfg = Release|Any CPU
		{8EF46042-5218-4A62-8FCE-32E8939BBAAD}.Release|Any CPU.Build.0 = Release|Any CPU
		{A4BF2050-C47C-4E3F-A2B0-189988888D35}.Debug|Any CPU.ActiveCfg = Debug|Any CPU
		{A4BF2050-C47C-4E3F-A2B0-189988888D35}.Debug|Any CPU.Build.0 = Debug|Any CPU
		{A4BF2050-C47C-4E3F-A2B0-189988888D35}.Release|Any CPU.ActiveCfg = Release|Any CPU
		{A4BF2050-C47C-4E3F-A2B0-189988888D35}.Release|Any CPU.Build.0 = Release|Any CPU
		{F90265F8-D182-434A-967F-ACFE8293F974}.Debug|Any CPU.ActiveCfg = Debug|Any CPU
		{F90265F8-D182-434A-967F-ACFE8293F974}.Debug|Any CPU.Build.0 = Debug|Any CPU
		{F90265F8-D182-434A-967F-ACFE8293F974}.Release|Any CPU.ActiveCfg = Release|Any CPU
		{F90265F8-D182-434A-967F-ACFE8293F974}.Release|Any CPU.Build.0 = Release|Any CPU
		{7EE4225F-05BC-420E-B3F6-2B428DD33060}.Debug|Any CPU.ActiveCfg = Debug|Any CPU
		{7EE4225F-05BC-420E-B3F6-2B428DD33060}.Debug|Any CPU.Build.0 = Debug|Any CPU
		{7EE4225F-05BC-420E-B3F6-2B428DD33060}.Release|Any CPU.ActiveCfg = Release|Any CPU
		{7EE4225F-05BC-420E-B3F6-2B428DD33060}.Release|Any CPU.Build.0 = Release|Any CPU
		{707C9126-8EA0-4A2B-AA90-4FBE9DCADF6C}.Debug|Any CPU.ActiveCfg = Debug|Any CPU
		{707C9126-8EA0-4A2B-AA90-4FBE9DCADF6C}.Debug|Any CPU.Build.0 = Debug|Any CPU
		{707C9126-8EA0-4A2B-AA90-4FBE9DCADF6C}.Release|Any CPU.ActiveCfg = Release|Any CPU
		{707C9126-8EA0-4A2B-AA90-4FBE9DCADF6C}.Release|Any CPU.Build.0 = Release|Any CPU
		{4CC4638C-D487-4B65-B48A-FFDC95AA4580}.Debug|Any CPU.ActiveCfg = Debug|Any CPU
		{4CC4638C-D487-4B65-B48A-FFDC95AA4580}.Debug|Any CPU.Build.0 = Debug|Any CPU
		{4CC4638C-D487-4B65-B48A-FFDC95AA4580}.Release|Any CPU.ActiveCfg = Release|Any CPU
		{4CC4638C-D487-4B65-B48A-FFDC95AA4580}.Release|Any CPU.Build.0 = Release|Any CPU
	EndGlobalSection
	GlobalSection(SolutionProperties) = preSolution
		HideSolutionNode = FALSE
	EndGlobalSection
	GlobalSection(ExtensibilityGlobals) = postSolution
		SolutionGuid = {F233CB82-BDCB-4594-96C3-1A874359E299}
	EndGlobalSection
EndGlobal
